
Microsoft Visual Studio Solution File, Format Version 12.00
# Visual Studio Version 17
VisualStudioVersion = 17.8.34330.188
MinimumVisualStudioVersion = 10.0.40219.1
Project("{FAE04EC0-301F-11D3-BF4B-00C04F79EFBC}") = "Ionasca_Tabita_Lab2(3)", "Ionasca_Tabita_Lab2(3)\Ionasca_Tabita_Lab2(3).csproj", "{8CDD846C-DA94-4069-B4A7-269BB9C7D61E}"
EndProject
Global
	GlobalSection(SolutionConfigurationPlatforms) = preSolution
		Debug|Any CPU = Debug|Any CPU
		Release|Any CPU = Release|Any CPU
	EndGlobalSection
	GlobalSection(ProjectConfigurationPlatforms) = postSolution
		{8CDD846C-DA94-4069-B4A7-269BB9C7D61E}.Debug|Any CPU.ActiveCfg = Debug|Any CPU
		{8CDD846C-DA94-4069-B4A7-269BB9C7D61E}.Debug|Any CPU.Build.0 = Debug|Any CPU
		{8CDD846C-DA94-4069-B4A7-269BB9C7D61E}.Release|Any CPU.ActiveCfg = Release|Any CPU
		{8CDD846C-DA94-4069-B4A7-269BB9C7D61E}.Release|Any CPU.Build.0 = Release|Any CPU
	EndGlobalSection
	GlobalSection(SolutionProperties) = preSolution
		HideSolutionNode = FALSE
	EndGlobalSection
	GlobalSection(ExtensibilityGlobals) = postSolution
		SolutionGuid = {753E1B3F-4AEB-4A5E-B442-7F8093CD6F44}
	EndGlobalSection
EndGlobal
